%{
  "dialyxir": {:hex, :dialyxir, "1.0.0-rc.6", "78e97d9c0ff1b5521dd68041193891aebebce52fc3b93463c0a6806874557d7d", [:mix], [{:erlex, "~> 0.2.1", [hex: :erlex, repo: "hexpm", optional: false]}], "hexpm"},
  "erlex": {:hex, :erlex, "0.2.1", "cee02918660807cbba9a7229cae9b42d1c6143b768c781fa6cee1eaf03ad860b", [:mix], [], "hexpm"},
  "xml_builder": {:hex, :xml_builder, "2.0.0", "371ed27bb63bf0598dbaf3f0c466e5dc7d16cb4ecb68f06a67f953654062e21b", [:mix], [], "hexpm"},
}
